
Microsoft Visual Studio Solution File, Format Version 12.00
# Visual Studio Version 17
VisualStudioVersion = 17.13.35825.156
MinimumVisualStudioVersion = 10.0.40219.1
Project("{FAE04EC0-301F-11D3-BF4B-00C04F79EFBC}") = "EShopService", "EShopService\EShopService.csproj", "{882E907C-CEB5-4515-B4B4-5E86953FC8CF}"
EndProject
Project("{FAE04EC0-301F-11D3-BF4B-00C04F79EFBC}") = "EShop.Application", "EShop.Application\EShop.Application.csproj", "{05965D92-3464-4F6C-AFA0-97A1EEA622A6}"
EndProject
Project("{FAE04EC0-301F-11D3-BF4B-00C04F79EFBC}") = "EShop.Application.Tests", "EShop.Application.Tests\EShop.Application.Tests.csproj", "{C4825566-17F6-42D3-9A47-CA3A302B2749}"
EndProject
Project("{FAE04EC0-301F-11D3-BF4B-00C04F79EFBC}") = "EShop.Domain", "EShop.Domain\EShop.Domain.csproj", "{BCF4B629-0DCD-4C14-8F9E-7CEB527B1DA0}"
EndProject
Project("{FAE04EC0-301F-11D3-BF4B-00C04F79EFBC}") = "EShop.Domain.Tests", "EShop.Domain.Tests\EShop.Domain.Tests.csproj", "{41994325-5298-45DC-8FEC-21F4C7F01281}"
EndProject
Project("{FAE04EC0-301F-11D3-BF4B-00C04F79EFBC}") = "EShopService.Tests", "EShopService.Tests\EShopService.Tests.csproj", "{9648C82E-2975-40F8-B61A-4F499DEE4C5E}"
EndProject
Project("{2150E333-8FDC-42A3-9474-1A3956D46DE8}") = "User", "User", "{02EA681E-C7D8-13C7-8484-4AC65E1B71E8}"
EndProject
Project("{FAE04EC0-301F-11D3-BF4B-00C04F79EFBC}") = "UserService", "UserService\UserService.csproj", "{492317AB-870E-4295-8B62-17E152966575}"
EndProject
Project("{FAE04EC0-301F-11D3-BF4B-00C04F79EFBC}") = "User.Domain", "User.Domain\User.Domain.csproj", "{FE022B60-403A-488A-8E7C-3F3BFBD20568}"
EndProject
Project("{FAE04EC0-301F-11D3-BF4B-00C04F79EFBC}") = "User.Application", "User.Application\User.Application.csproj", "{8C79B3CF-C4C4-4D0C-9BA9-09DFB9AEA85E}"
EndProject
Project("{2150E333-8FDC-42A3-9474-1A3956D46DE8}") = "test", "test", "{68552192-02F6-4676-BECC-46853B833718}"
EndProject
Global
	GlobalSection(SolutionConfigurationPlatforms) = preSolution
		Debug|Any CPU = Debug|Any CPU
		Release|Any CPU = Release|Any CPU
	EndGlobalSection
	GlobalSection(ProjectConfigurationPlatforms) = postSolution
		{882E907C-CEB5-4515-B4B4-5E86953FC8CF}.Debug|Any CPU.ActiveCfg = Debug|Any CPU
		{882E907C-CEB5-4515-B4B4-5E86953FC8CF}.Debug|Any CPU.Build.0 = Debug|Any CPU
		{882E907C-CEB5-4515-B4B4-5E86953FC8CF}.Release|Any CPU.ActiveCfg = Release|Any CPU
		{882E907C-CEB5-4515-B4B4-5E86953FC8CF}.Release|Any CPU.Build.0 = Release|Any CPU
		{05965D92-3464-4F6C-AFA0-97A1EEA622A6}.Debug|Any CPU.ActiveCfg = Debug|Any CPU
		{05965D92-3464-4F6C-AFA0-97A1EEA622A6}.Debug|Any CPU.Build.0 = Debug|Any CPU
		{05965D92-3464-4F6C-AFA0-97A1EEA622A6}.Release|Any CPU.ActiveCfg = Release|Any CPU
		{05965D92-3464-4F6C-AFA0-97A1EEA622A6}.Release|Any CPU.Build.0 = Release|Any CPU
		{C4825566-17F6-42D3-9A47-CA3A302B2749}.Debug|Any CPU.ActiveCfg = Debug|Any CPU
		{C4825566-17F6-42D3-9A47-CA3A302B2749}.Debug|Any CPU.Build.0 = Debug|Any CPU
		{C4825566-17F6-42D3-9A47-CA3A302B2749}.Release|Any CPU.ActiveCfg = Release|Any CPU
		{C4825566-17F6-42D3-9A47-CA3A302B2749}.Release|Any CPU.Build.0 = Release|Any CPU
		{BCF4B629-0DCD-4C14-8F9E-7CEB527B1DA0}.Debug|Any CPU.ActiveCfg = Debug|Any CPU
		{BCF4B629-0DCD-4C14-8F9E-7CEB527B1DA0}.Debug|Any CPU.Build.0 = Debug|Any CPU
		{BCF4B629-0DCD-4C14-8F9E-7CEB527B1DA0}.Release|Any CPU.ActiveCfg = Release|Any CPU
		{BCF4B629-0DCD-4C14-8F9E-7CEB527B1DA0}.Release|Any CPU.Build.0 = Release|Any CPU
		{41994325-5298-45DC-8FEC-21F4C7F01281}.Debug|Any CPU.ActiveCfg = Debug|Any CPU
		{41994325-5298-45DC-8FEC-21F4C7F01281}.Debug|Any CPU.Build.0 = Debug|Any CPU
		{41994325-5298-45DC-8FEC-21F4C7F01281}.Release|Any CPU.ActiveCfg = Release|Any CPU
		{41994325-5298-45DC-8FEC-21F4C7F01281}.Release|Any CPU.Build.0 = Release|Any CPU
		{9648C82E-2975-40F8-B61A-4F499DEE4C5E}.Debug|Any CPU.ActiveCfg = Debug|Any CPU
		{9648C82E-2975-40F8-B61A-4F499DEE4C5E}.Debug|Any CPU.Build.0 = Debug|Any CPU
		{9648C82E-2975-40F8-B61A-4F499DEE4C5E}.Release|Any CPU.ActiveCfg = Release|Any CPU
		{9648C82E-2975-40F8-B61A-4F499DEE4C5E}.Release|Any CPU.Build.0 = Release|Any CPU
		{492317AB-870E-4295-8B62-17E152966575}.Debug|Any CPU.ActiveCfg = Debug|Any CPU
		{492317AB-870E-4295-8B62-17E152966575}.Debug|Any CPU.Build.0 = Debug|Any CPU
		{492317AB-870E-4295-8B62-17E152966575}.Release|Any CPU.ActiveCfg = Release|Any CPU
		{492317AB-870E-4295-8B62-17E152966575}.Release|Any CPU.Build.0 = Release|Any CPU
		{FE022B60-403A-488A-8E7C-3F3BFBD20568}.Debug|Any CPU.ActiveCfg = Debug|Any CPU
		{FE022B60-403A-488A-8E7C-3F3BFBD20568}.Debug|Any CPU.Build.0 = Debug|Any CPU
		{FE022B60-403A-488A-8E7C-3F3BFBD20568}.Release|Any CPU.ActiveCfg = Release|Any CPU
		{FE022B60-403A-488A-8E7C-3F3BFBD20568}.Release|Any CPU.Build.0 = Release|Any CPU
		{8C79B3CF-C4C4-4D0C-9BA9-09DFB9AEA85E}.Debug|Any CPU.ActiveCfg = Debug|Any CPU
		{8C79B3CF-C4C4-4D0C-9BA9-09DFB9AEA85E}.Debug|Any CPU.Build.0 = Debug|Any CPU
		{8C79B3CF-C4C4-4D0C-9BA9-09DFB9AEA85E}.Release|Any CPU.ActiveCfg = Release|Any CPU
		{8C79B3CF-C4C4-4D0C-9BA9-09DFB9AEA85E}.Release|Any CPU.Build.0 = Release|Any CPU
	EndGlobalSection
	GlobalSection(SolutionProperties) = preSolution
		HideSolutionNode = FALSE
	EndGlobalSection
	GlobalSection(NestedProjects) = preSolution
		{C4825566-17F6-42D3-9A47-CA3A302B2749} = {68552192-02F6-4676-BECC-46853B833718}
		{41994325-5298-45DC-8FEC-21F4C7F01281} = {68552192-02F6-4676-BECC-46853B833718}
		{492317AB-870E-4295-8B62-17E152966575} = {02EA681E-C7D8-13C7-8484-4AC65E1B71E8}
		{FE022B60-403A-488A-8E7C-3F3BFBD20568} = {02EA681E-C7D8-13C7-8484-4AC65E1B71E8}
		{8C79B3CF-C4C4-4D0C-9BA9-09DFB9AEA85E} = {02EA681E-C7D8-13C7-8484-4AC65E1B71E8}
	EndGlobalSection
	GlobalSection(ExtensibilityGlobals) = postSolution
		SolutionGuid = {8DD6612F-475B-45EE-B1E6-8C369F153280}
	EndGlobalSection
EndGlobal
